// !$*UTF8*$!
{
	archiveVersion = 1;
	classes = {
	};
	objectVersion = 46;
	objects = {

/* Begin PBXAggregateTarget section */
		364A5BF51B799D6E00C1CAE8 /* libBCPaySDK */ = {
			isa = PBXAggregateTarget;
			buildConfigurationList = 364A5BF61B799D6E00C1CAE8 /* Build configuration list for PBXAggregateTarget "libBCPaySDK" */;
			buildPhases = (
				364A5BF91B799D7200C1CAE8 /* ShellScript */,
			);
			dependencies = (
				364A5BFB1B79BB1300C1CAE8 /* PBXTargetDependency */,
			);
			name = libBCPaySDK;
			productName = libBCPaySDK;
		};
/* End PBXAggregateTarget section */

/* Begin PBXBuildFile section */
		36E128A71E03C27A0082573A /* UPPaymentControl.h in Headers */ = {isa = PBXBuildFile; fileRef = 36E128A61E03C27A0082573A /* UPPaymentControl.h */; };
		36EC7F2A1D2BA41900934B08 /* BeeCloud.h in Headers */ = {isa = PBXBuildFile; fileRef = 36EC7ED31D2BA41900934B08 /* BeeCloud.h */; };
		36EC7F2B1D2BA41900934B08 /* BeeCloud.m in Sources */ = {isa = PBXBuildFile; fileRef = 36EC7ED41D2BA41900934B08 /* BeeCloud.m */; };
		36EC7F2C1D2BA41900934B08 /* NSDictionaryUtils.h in Headers */ = {isa = PBXBuildFile; fileRef = 36EC7ED61D2BA41900934B08 /* NSDictionaryUtils.h */; };
		36EC7F2D1D2BA41900934B08 /* UZAppDelegate.h in Headers */ = {isa = PBXBuildFile; fileRef = 36EC7ED71D2BA41900934B08 /* UZAppDelegate.h */; };
		36EC7F2E1D2BA41900934B08 /* UZAppUtils.h in Headers */ = {isa = PBXBuildFile; fileRef = 36EC7ED81D2BA41900934B08 /* UZAppUtils.h */; };
		36EC7F2F1D2BA41900934B08 /* UZModule.h in Headers */ = {isa = PBXBuildFile; fileRef = 36EC7ED91D2BA41900934B08 /* UZModule.h */; };
		36EC7F301D2BA41900934B08 /* BCBaseReq.h in Headers */ = {isa = PBXBuildFile; fileRef = 36EC7EDC1D2BA41900934B08 /* BCBaseReq.h */; };
		36EC7F311D2BA41900934B08 /* BCBaseReq.m in Sources */ = {isa = PBXBuildFile; fileRef = 36EC7EDD1D2BA41900934B08 /* BCBaseReq.m */; };
		36EC7F321D2BA41900934B08 /* BCBaseResp.h in Headers */ = {isa = PBXBuildFile; fileRef = 36EC7EDE1D2BA41900934B08 /* BCBaseResp.h */; };
		36EC7F331D2BA41900934B08 /* BCBaseResp.m in Sources */ = {isa = PBXBuildFile; fileRef = 36EC7EDF1D2BA41900934B08 /* BCBaseResp.m */; };
		36EC7F341D2BA41900934B08 /* BCPayReq.h in Headers */ = {isa = PBXBuildFile; fileRef = 36EC7EE11D2BA41900934B08 /* BCPayReq.h */; };
		36EC7F351D2BA41900934B08 /* BCPayReq.m in Sources */ = {isa = PBXBuildFile; fileRef = 36EC7EE21D2BA41900934B08 /* BCPayReq.m */; };
		36EC7F361D2BA41900934B08 /* BCPayResp.h in Headers */ = {isa = PBXBuildFile; fileRef = 36EC7EE31D2BA41900934B08 /* BCPayResp.h */; };
		36EC7F371D2BA41900934B08 /* BCPayResp.m in Sources */ = {isa = PBXBuildFile; fileRef = 36EC7EE41D2BA41900934B08 /* BCPayResp.m */; };
		36EC7F381D2BA41900934B08 /* AlipaySDK.framework in Frameworks */ = {isa = PBXBuildFile; fileRef = 36EC7EE71D2BA41900934B08 /* AlipaySDK.framework */; };
		36EC7F391D2BA41900934B08 /* BCAliPayAdapter.h in Headers */ = {isa = PBXBuildFile; fileRef = 36EC7EE91D2BA41900934B08 /* BCAliPayAdapter.h */; };
		36EC7F3A1D2BA41900934B08 /* BCAliPayAdapter.m in Sources */ = {isa = PBXBuildFile; fileRef = 36EC7EEA1D2BA41900934B08 /* BCAliPayAdapter.m */; };
		36EC7F3F1D2BA41900934B08 /* JSON.h in Headers */ = {isa = PBXBuildFile; fileRef = 36EC7EF21D2BA41900934B08 /* JSON.h */; };
		36EC7F401D2BA41900934B08 /* JSONParser.h in Headers */ = {isa = PBXBuildFile; fileRef = 36EC7EF31D2BA41900934B08 /* JSONParser.h */; };
		36EC7F411D2BA41900934B08 /* NSObject+SBJSON.h in Headers */ = {isa = PBXBuildFile; fileRef = 36EC7EF41D2BA41900934B08 /* NSObject+SBJSON.h */; };
		36EC7F421D2BA41900934B08 /* NSString+SBJSON.h in Headers */ = {isa = PBXBuildFile; fileRef = 36EC7EF51D2BA41900934B08 /* NSString+SBJSON.h */; };
		36EC7F431D2BA41900934B08 /* SBJSON.h in Headers */ = {isa = PBXBuildFile; fileRef = 36EC7EF61D2BA41900934B08 /* SBJSON.h */; };
		36EC7F441D2BA41900934B08 /* SBJsonBase.h in Headers */ = {isa = PBXBuildFile; fileRef = 36EC7EF71D2BA41900934B08 /* SBJsonBase.h */; };
		36EC7F451D2BA41900934B08 /* SBJsonParser.h in Headers */ = {isa = PBXBuildFile; fileRef = 36EC7EF81D2BA41900934B08 /* SBJsonParser.h */; };
		36EC7F461D2BA41900934B08 /* SBJsonWriter.h in Headers */ = {isa = PBXBuildFile; fileRef = 36EC7EF91D2BA41900934B08 /* SBJsonWriter.h */; };
		36EC7F471D2BA41900934B08 /* BCUnionPayAdapter.h in Headers */ = {isa = PBXBuildFile; fileRef = 36EC7EFC1D2BA41900934B08 /* BCUnionPayAdapter.h */; };
		36EC7F481D2BA41900934B08 /* BCUnionPayAdapter.m in Sources */ = {isa = PBXBuildFile; fileRef = 36EC7EFD1D2BA41900934B08 /* BCUnionPayAdapter.m */; };
		36EC7F4B1D2BA41900934B08 /* BCWXPayAdapter.h in Headers */ = {isa = PBXBuildFile; fileRef = 36EC7F021D2BA41900934B08 /* BCWXPayAdapter.h */; };
		36EC7F4C1D2BA41900934B08 /* BCWXPayAdapter.m in Sources */ = {isa = PBXBuildFile; fileRef = 36EC7F031D2BA41900934B08 /* BCWXPayAdapter.m */; };
		36EC7F4D1D2BA41900934B08 /* WXApi.h in Headers */ = {isa = PBXBuildFile; fileRef = 36EC7F041D2BA41900934B08 /* WXApi.h */; };
		36EC7F4E1D2BA41900934B08 /* WXApiObject.h in Headers */ = {isa = PBXBuildFile; fileRef = 36EC7F051D2BA41900934B08 /* WXApiObject.h */; };
		36EC7F4F1D2BA41900934B08 /* BCHTTPSessionManager.h in Headers */ = {isa = PBXBuildFile; fileRef = 36EC7F091D2BA41900934B08 /* BCHTTPSessionManager.h */; };
		36EC7F501D2BA41900934B08 /* BCHTTPSessionManager.m in Sources */ = {isa = PBXBuildFile; fileRef = 36EC7F0A1D2BA41900934B08 /* BCHTTPSessionManager.m */; };
		36EC7F511D2BA41900934B08 /* BCNetworking.h in Headers */ = {isa = PBXBuildFile; fileRef = 36EC7F0B1D2BA41900934B08 /* BCNetworking.h */; };
		36EC7F521D2BA41900934B08 /* BCNetworkReachabilityManager.h in Headers */ = {isa = PBXBuildFile; fileRef = 36EC7F0C1D2BA41900934B08 /* BCNetworkReachabilityManager.h */; };
		36EC7F531D2BA41900934B08 /* BCNetworkReachabilityManager.m in Sources */ = {isa = PBXBuildFile; fileRef = 36EC7F0D1D2BA41900934B08 /* BCNetworkReachabilityManager.m */; };
		36EC7F541D2BA41900934B08 /* BCSecurityPolicy.h in Headers */ = {isa = PBXBuildFile; fileRef = 36EC7F0E1D2BA41900934B08 /* BCSecurityPolicy.h */; };
		36EC7F551D2BA41900934B08 /* BCSecurityPolicy.m in Sources */ = {isa = PBXBuildFile; fileRef = 36EC7F0F1D2BA41900934B08 /* BCSecurityPolicy.m */; };
		36EC7F561D2BA41900934B08 /* BCURLRequestSerialization.h in Headers */ = {isa = PBXBuildFile; fileRef = 36EC7F101D2BA41900934B08 /* BCURLRequestSerialization.h */; };
		36EC7F571D2BA41900934B08 /* BCURLRequestSerialization.m in Sources */ = {isa = PBXBuildFile; fileRef = 36EC7F111D2BA41900934B08 /* BCURLRequestSerialization.m */; };
		36EC7F581D2BA41900934B08 /* BCURLResponseSerialization.h in Headers */ = {isa = PBXBuildFile; fileRef = 36EC7F121D2BA41900934B08 /* BCURLResponseSerialization.h */; };
		36EC7F591D2BA41900934B08 /* BCURLResponseSerialization.m in Sources */ = {isa = PBXBuildFile; fileRef = 36EC7F131D2BA41900934B08 /* BCURLResponseSerialization.m */; };
		36EC7F5A1D2BA41900934B08 /* BCURLSessionManager.h in Headers */ = {isa = PBXBuildFile; fileRef = 36EC7F141D2BA41900934B08 /* BCURLSessionManager.h */; };
		36EC7F5B1D2BA41900934B08 /* BCURLSessionManager.m in Sources */ = {isa = PBXBuildFile; fileRef = 36EC7F151D2BA41900934B08 /* BCURLSessionManager.m */; };
		36EC7F5C1D2BA41900934B08 /* BCPayCache.h in Headers */ = {isa = PBXBuildFile; fileRef = 36EC7F161D2BA41900934B08 /* BCPayCache.h */; };
		36EC7F5D1D2BA41900934B08 /* BCPayCache.m in Sources */ = {isa = PBXBuildFile; fileRef = 36EC7F171D2BA41900934B08 /* BCPayCache.m */; };
		36EC7F5E1D2BA41900934B08 /* BCPayConstant.h in Headers */ = {isa = PBXBuildFile; fileRef = 36EC7F181D2BA41900934B08 /* BCPayConstant.h */; };
		36EC7F5F1D2BA41900934B08 /* BCPayObjects.h in Headers */ = {isa = PBXBuildFile; fileRef = 36EC7F191D2BA41900934B08 /* BCPayObjects.h */; };
		36EC7F601D2BA41900934B08 /* BCPayUtil.h in Headers */ = {isa = PBXBuildFile; fileRef = 36EC7F1A1D2BA41900934B08 /* BCPayUtil.h */; };
		36EC7F611D2BA41900934B08 /* BCPayUtil.m in Sources */ = {isa = PBXBuildFile; fileRef = 36EC7F1B1D2BA41900934B08 /* BCPayUtil.m */; };
		36EC7F621D2BA41900934B08 /* NSString+IsValid.h in Headers */ = {isa = PBXBuildFile; fileRef = 36EC7F1C1D2BA41900934B08 /* NSString+IsValid.h */; };
		36EC7F631D2BA41900934B08 /* NSString+IsValid.m in Sources */ = {isa = PBXBuildFile; fileRef = 36EC7F1D1D2BA41900934B08 /* NSString+IsValid.m */; };
		36EC7F641D2BA41900934B08 /* BeeCloudAdapter.h in Headers */ = {isa = PBXBuildFile; fileRef = 36EC7F1F1D2BA41900934B08 /* BeeCloudAdapter.h */; };
		36EC7F651D2BA41900934B08 /* BeeCloudAdapter.m in Sources */ = {isa = PBXBuildFile; fileRef = 36EC7F201D2BA41900934B08 /* BeeCloudAdapter.m */; };
		36EC7F661D2BA41900934B08 /* BeeCloudAdapterProtocol.h in Headers */ = {isa = PBXBuildFile; fileRef = 36EC7F211D2BA41900934B08 /* BeeCloudAdapterProtocol.h */; };
		36EC7F671D2BA41900934B08 /* BaiduViewController.h in Headers */ = {isa = PBXBuildFile; fileRef = 36EC7F231D2BA41900934B08 /* BaiduViewController.h */; };
		36EC7F681D2BA41900934B08 /* BaiduViewController.m in Sources */ = {isa = PBXBuildFile; fileRef = 36EC7F241D2BA41900934B08 /* BaiduViewController.m */; };
		36EC7F691D2BA41900934B08 /* PaySandBoxViewController.h in Headers */ = {isa = PBXBuildFile; fileRef = 36EC7F251D2BA41900934B08 /* PaySandBoxViewController.h */; };
		36EC7F6A1D2BA41900934B08 /* PaySandBoxViewController.m in Sources */ = {isa = PBXBuildFile; fileRef = 36EC7F261D2BA41900934B08 /* PaySandBoxViewController.m */; };
		36EC7F6B1D2BA41900934B08 /* BCPay.h in Headers */ = {isa = PBXBuildFile; fileRef = 36EC7F281D2BA41900934B08 /* BCPay.h */; };
		36EC7F6C1D2BA41900934B08 /* BCPay.m in Sources */ = {isa = PBXBuildFile; fileRef = 36EC7F291D2BA41900934B08 /* BCPay.m */; };
/* End PBXBuildFile section */

/* Begin PBXContainerItemProxy section */
		364A5BFA1B79BB1300C1CAE8 /* PBXContainerItemProxy */ = {
			isa = PBXContainerItemProxy;
			containerPortal = 364BC4CC1B5502C700EAFCCE /* Project object */;
			proxyType = 1;
			remoteGlobalIDString = 364BC4D31B5502C700EAFCCE;
			remoteInfo = BCPaySDK;
		};
/* End PBXContainerItemProxy section */

/* Begin PBXCopyFilesBuildPhase section */
		364BC4D21B5502C700EAFCCE /* CopyFiles */ = {
			isa = PBXCopyFilesBuildPhase;
			buildActionMask = 2147483647;
			dstPath = "include/$(PRODUCT_NAME)";
			dstSubfolderSpec = 16;
			files = (
			);
			runOnlyForDeploymentPostprocessing = 0;
		};
/* End PBXCopyFilesBuildPhase section */

/* Begin PBXFileReference section */
		364BC4D41B5502C700EAFCCE /* libBeeCloud.a */ = {isa = PBXFileReference; explicitFileType = archive.ar; includeInIndex = 0; path = libBeeCloud.a; sourceTree = BUILT_PRODUCTS_DIR; };
		36E128A61E03C27A0082573A /* UPPaymentControl.h */ = {isa = PBXFileReference; fileEncoding = 4; lastKnownFileType = sourcecode.c.h; path = UPPaymentControl.h; sourceTree = "<group>"; };
		36EC7ED31D2BA41900934B08 /* BeeCloud.h */ = {isa = PBXFileReference; fileEncoding = 4; lastKnownFileType = sourcecode.c.h; path = BeeCloud.h; sourceTree = "<group>"; };
		36EC7ED41D2BA41900934B08 /* BeeCloud.m */ = {isa = PBXFileReference; fileEncoding = 4; lastKnownFileType = sourcecode.c.objc; path = BeeCloud.m; sourceTree = "<group>"; };
		36EC7ED61D2BA41900934B08 /* NSDictionaryUtils.h */ = {isa = PBXFileReference; fileEncoding = 4; lastKnownFileType = sourcecode.c.h; path = NSDictionaryUtils.h; sourceTree = "<group>"; };
		36EC7ED71D2BA41900934B08 /* UZAppDelegate.h */ = {isa = PBXFileReference; fileEncoding = 4; lastKnownFileType = sourcecode.c.h; path = UZAppDelegate.h; sourceTree = "<group>"; };
		36EC7ED81D2BA41900934B08 /* UZAppUtils.h */ = {isa = PBXFileReference; fileEncoding = 4; lastKnownFileType = sourcecode.c.h; path = UZAppUtils.h; sourceTree = "<group>"; };
		36EC7ED91D2BA41900934B08 /* UZModule.h */ = {isa = PBXFileReference; fileEncoding = 4; lastKnownFileType = sourcecode.c.h; path = UZModule.h; sourceTree = "<group>"; };
		36EC7EDC1D2BA41900934B08 /* BCBaseReq.h */ = {isa = PBXFileReference; fileEncoding = 4; lastKnownFileType = sourcecode.c.h; path = BCBaseReq.h; sourceTree = "<group>"; };
		36EC7EDD1D2BA41900934B08 /* BCBaseReq.m */ = {isa = PBXFileReference; fileEncoding = 4; lastKnownFileType = sourcecode.c.objc; path = BCBaseReq.m; sourceTree = "<group>"; };
		36EC7EDE1D2BA41900934B08 /* BCBaseResp.h */ = {isa = PBXFileReference; fileEncoding = 4; lastKnownFileType = sourcecode.c.h; path = BCBaseResp.h; sourceTree = "<group>"; };
		36EC7EDF1D2BA41900934B08 /* BCBaseResp.m */ = {isa = PBXFileReference; fileEncoding = 4; lastKnownFileType = sourcecode.c.objc; path = BCBaseResp.m; sourceTree = "<group>"; };
		36EC7EE11D2BA41900934B08 /* BCPayReq.h */ = {isa = PBXFileReference; fileEncoding = 4; lastKnownFileType = sourcecode.c.h; path = BCPayReq.h; sourceTree = "<group>"; };
		36EC7EE21D2BA41900934B08 /* BCPayReq.m */ = {isa = PBXFileReference; fileEncoding = 4; lastKnownFileType = sourcecode.c.objc; path = BCPayReq.m; sourceTree = "<group>"; };
		36EC7EE31D2BA41900934B08 /* BCPayResp.h */ = {isa = PBXFileReference; fileEncoding = 4; lastKnownFileType = sourcecode.c.h; path = BCPayResp.h; sourceTree = "<group>"; };
		36EC7EE41D2BA41900934B08 /* BCPayResp.m */ = {isa = PBXFileReference; fileEncoding = 4; lastKnownFileType = sourcecode.c.objc; path = BCPayResp.m; sourceTree = "<group>"; };
		36EC7EE71D2BA41900934B08 /* AlipaySDK.framework */ = {isa = PBXFileReference; lastKnownFileType = wrapper.framework; path = AlipaySDK.framework; sourceTree = "<group>"; };
		36EC7EE91D2BA41900934B08 /* BCAliPayAdapter.h */ = {isa = PBXFileReference; fileEncoding = 4; lastKnownFileType = sourcecode.c.h; path = BCAliPayAdapter.h; sourceTree = "<group>"; };
		36EC7EEA1D2BA41900934B08 /* BCAliPayAdapter.m */ = {isa = PBXFileReference; fileEncoding = 4; lastKnownFileType = sourcecode.c.objc; path = BCAliPayAdapter.m; sourceTree = "<group>"; };
		36EC7EF21D2BA41900934B08 /* JSON.h */ = {isa = PBXFileReference; fileEncoding = 4; lastKnownFileType = sourcecode.c.h; path = JSON.h; sourceTree = "<group>"; };
		36EC7EF31D2BA41900934B08 /* JSONParser.h */ = {isa = PBXFileReference; fileEncoding = 4; lastKnownFileType = sourcecode.c.h; path = JSONParser.h; sourceTree = "<group>"; };
		36EC7EF41D2BA41900934B08 /* NSObject+SBJSON.h */ = {isa = PBXFileReference; fileEncoding = 4; lastKnownFileType = sourcecode.c.h; path = "NSObject+SBJSON.h"; sourceTree = "<group>"; };
		36EC7EF51D2BA41900934B08 /* NSString+SBJSON.h */ = {isa = PBXFileReference; fileEncoding = 4; lastKnownFileType = sourcecode.c.h; path = "NSString+SBJSON.h"; sourceTree = "<group>"; };
		36EC7EF61D2BA41900934B08 /* SBJSON.h */ = {isa = PBXFileReference; fileEncoding = 4; lastKnownFileType = sourcecode.c.h; path = SBJSON.h; sourceTree = "<group>"; };
		36EC7EF71D2BA41900934B08 /* SBJsonBase.h */ = {isa = PBXFileReference; fileEncoding = 4; lastKnownFileType = sourcecode.c.h; path = SBJsonBase.h; sourceTree = "<group>"; };
		36EC7EF81D2BA41900934B08 /* SBJsonParser.h */ = {isa = PBXFileReference; fileEncoding = 4; lastKnownFileType = sourcecode.c.h; path = SBJsonParser.h; sourceTree = "<group>"; };
		36EC7EF91D2BA41900934B08 /* SBJsonWriter.h */ = {isa = PBXFileReference; fileEncoding = 4; lastKnownFileType = sourcecode.c.h; path = SBJsonWriter.h; sourceTree = "<group>"; };
		36EC7EFC1D2BA41900934B08 /* BCUnionPayAdapter.h */ = {isa = PBXFileReference; fileEncoding = 4; lastKnownFileType = sourcecode.c.h; path = BCUnionPayAdapter.h; sourceTree = "<group>"; };
		36EC7EFD1D2BA41900934B08 /* BCUnionPayAdapter.m */ = {isa = PBXFileReference; fileEncoding = 4; lastKnownFileType = sourcecode.c.objc; path = BCUnionPayAdapter.m; sourceTree = "<group>"; };
		36EC7F021D2BA41900934B08 /* BCWXPayAdapter.h */ = {isa = PBXFileReference; fileEncoding = 4; lastKnownFileType = sourcecode.c.h; path = BCWXPayAdapter.h; sourceTree = "<group>"; };
		36EC7F031D2BA41900934B08 /* BCWXPayAdapter.m */ = {isa = PBXFileReference; fileEncoding = 4; lastKnownFileType = sourcecode.c.objc; path = BCWXPayAdapter.m; sourceTree = "<group>"; };
		36EC7F041D2BA41900934B08 /* WXApi.h */ = {isa = PBXFileReference; fileEncoding = 4; lastKnownFileType = sourcecode.c.h; path = WXApi.h; sourceTree = "<group>"; };
		36EC7F051D2BA41900934B08 /* WXApiObject.h */ = {isa = PBXFileReference; fileEncoding = 4; lastKnownFileType = sourcecode.c.h; path = WXApiObject.h; sourceTree = "<group>"; };
		36EC7F061D2BA41900934B08 /* Info.plist */ = {isa = PBXFileReference; fileEncoding = 4; lastKnownFileType = text.plist.xml; path = Info.plist; sourceTree = "<group>"; };
		36EC7F091D2BA41900934B08 /* BCHTTPSessionManager.h */ = {isa = PBXFileReference; fileEncoding = 4; lastKnownFileType = sourcecode.c.h; path = BCHTTPSessionManager.h; sourceTree = "<group>"; };
		36EC7F0A1D2BA41900934B08 /* BCHTTPSessionManager.m */ = {isa = PBXFileReference; fileEncoding = 4; lastKnownFileType = sourcecode.c.objc; path = BCHTTPSessionManager.m; sourceTree = "<group>"; };
		36EC7F0B1D2BA41900934B08 /* BCNetworking.h */ = {isa = PBXFileReference; fileEncoding = 4; lastKnownFileType = sourcecode.c.h; path = BCNetworking.h; sourceTree = "<group>"; };
		36EC7F0C1D2BA41900934B08 /* BCNetworkReachabilityManager.h */ = {isa = PBXFileReference; fileEncoding = 4; lastKnownFileType = sourcecode.c.h; path = BCNetworkReachabilityManager.h; sourceTree = "<group>"; };
		36EC7F0D1D2BA41900934B08 /* BCNetworkReachabilityManager.m */ = {isa = PBXFileReference; fileEncoding = 4; lastKnownFileType = sourcecode.c.objc; path = BCNetworkReachabilityManager.m; sourceTree = "<group>"; };
		36EC7F0E1D2BA41900934B08 /* BCSecurityPolicy.h */ = {isa = PBXFileReference; fileEncoding = 4; lastKnownFileType = sourcecode.c.h; path = BCSecurityPolicy.h; sourceTree = "<group>"; };
		36EC7F0F1D2BA41900934B08 /* BCSecurityPolicy.m */ = {isa = PBXFileReference; fileEncoding = 4; lastKnownFileType = sourcecode.c.objc; path = BCSecurityPolicy.m; sourceTree = "<group>"; };
		36EC7F101D2BA41900934B08 /* BCURLRequestSerialization.h */ = {isa = PBXFileReference; fileEncoding = 4; lastKnownFileType = sourcecode.c.h; path = BCURLRequestSerialization.h; sourceTree = "<group>"; };
		36EC7F111D2BA41900934B08 /* BCURLRequestSerialization.m */ = {isa = PBXFileReference; fileEncoding = 4; lastKnownFileType = sourcecode.c.objc; path = BCURLRequestSerialization.m; sourceTree = "<group>"; };
		36EC7F121D2BA41900934B08 /* BCURLResponseSerialization.h */ = {isa = PBXFileReference; fileEncoding = 4; lastKnownFileType = sourcecode.c.h; path = BCURLResponseSerialization.h; sourceTree = "<group>"; };
		36EC7F131D2BA41900934B08 /* BCURLResponseSerialization.m */ = {isa = PBXFileReference; fileEncoding = 4; lastKnownFileType = sourcecode.c.objc; path = BCURLResponseSerialization.m; sourceTree = "<group>"; };
		36EC7F141D2BA41900934B08 /* BCURLSessionManager.h */ = {isa = PBXFileReference; fileEncoding = 4; lastKnownFileType = sourcecode.c.h; path = BCURLSessionManager.h; sourceTree = "<group>"; };
		36EC7F151D2BA41900934B08 /* BCURLSessionManager.m */ = {isa = PBXFileReference; fileEncoding = 4; lastKnownFileType = sourcecode.c.objc; path = BCURLSessionManager.m; sourceTree = "<group>"; };
		36EC7F161D2BA41900934B08 /* BCPayCache.h */ = {isa = PBXFileReference; fileEncoding = 4; lastKnownFileType = sourcecode.c.h; path = BCPayCache.h; sourceTree = "<group>"; };
		36EC7F171D2BA41900934B08 /* BCPayCache.m */ = {isa = PBXFileReference; fileEncoding = 4; lastKnownFileType = sourcecode.c.objc; path = BCPayCache.m; sourceTree = "<group>"; };
		36EC7F181D2BA41900934B08 /* BCPayConstant.h */ = {isa = PBXFileReference; fileEncoding = 4; lastKnownFileType = sourcecode.c.h; path = BCPayConstant.h; sourceTree = "<group>"; };
		36EC7F191D2BA41900934B08 /* BCPayObjects.h */ = {isa = PBXFileReference; fileEncoding = 4; lastKnownFileType = sourcecode.c.h; path = BCPayObjects.h; sourceTree = "<group>"; };
		36EC7F1A1D2BA41900934B08 /* BCPayUtil.h */ = {isa = PBXFileReference; fileEncoding = 4; lastKnownFileType = sourcecode.c.h; path = BCPayUtil.h; sourceTree = "<group>"; };
		36EC7F1B1D2BA41900934B08 /* BCPayUtil.m */ = {isa = PBXFileReference; fileEncoding = 4; lastKnownFileType = sourcecode.c.objc; path = BCPayUtil.m; sourceTree = "<group>"; };
		36EC7F1C1D2BA41900934B08 /* NSString+IsValid.h */ = {isa = PBXFileReference; fileEncoding = 4; lastKnownFileType = sourcecode.c.h; path = "NSString+IsValid.h"; sourceTree = "<group>"; };
		36EC7F1D1D2BA41900934B08 /* NSString+IsValid.m */ = {isa = PBXFileReference; fileEncoding = 4; lastKnownFileType = sourcecode.c.objc; path = "NSString+IsValid.m"; sourceTree = "<group>"; };
		36EC7F1F1D2BA41900934B08 /* BeeCloudAdapter.h */ = {isa = PBXFileReference; fileEncoding = 4; lastKnownFileType = sourcecode.c.h; path = BeeCloudAdapter.h; sourceTree = "<group>"; };
		36EC7F201D2BA41900934B08 /* BeeCloudAdapter.m */ = {isa = PBXFileReference; fileEncoding = 4; lastKnownFileType = sourcecode.c.objc; path = BeeCloudAdapter.m; sourceTree = "<group>"; };
		36EC7F211D2BA41900934B08 /* BeeCloudAdapterProtocol.h */ = {isa = PBXFileReference; fileEncoding = 4; lastKnownFileType = sourcecode.c.h; path = BeeCloudAdapterProtocol.h; sourceTree = "<group>"; };
		36EC7F231D2BA41900934B08 /* BaiduViewController.h */ = {isa = PBXFileReference; fileEncoding = 4; lastKnownFileType = sourcecode.c.h; path = BaiduViewController.h; sourceTree = "<group>"; };
		36EC7F241D2BA41900934B08 /* BaiduViewController.m */ = {isa = PBXFileReference; fileEncoding = 4; lastKnownFileType = sourcecode.c.objc; path = BaiduViewController.m; sourceTree = "<group>"; };
		36EC7F251D2BA41900934B08 /* PaySandBoxViewController.h */ = {isa = PBXFileReference; fileEncoding = 4; lastKnownFileType = sourcecode.c.h; path = PaySandBoxViewController.h; sourceTree = "<group>"; };
		36EC7F261D2BA41900934B08 /* PaySandBoxViewController.m */ = {isa = PBXFileReference; fileEncoding = 4; lastKnownFileType = sourcecode.c.objc; path = PaySandBoxViewController.m; sourceTree = "<group>"; };
		36EC7F281D2BA41900934B08 /* BCPay.h */ = {isa = PBXFileReference; fileEncoding = 4; lastKnownFileType = sourcecode.c.h; path = BCPay.h; sourceTree = "<group>"; };
		36EC7F291D2BA41900934B08 /* BCPay.m */ = {isa = PBXFileReference; fileEncoding = 4; lastKnownFileType = sourcecode.c.objc; path = BCPay.m; sourceTree = "<group>"; };
/* End PBXFileReference section */

/* Begin PBXFrameworksBuildPhase section */
		364BC4D11B5502C700EAFCCE /* Frameworks */ = {
			isa = PBXFrameworksBuildPhase;
			buildActionMask = 2147483647;
			files = (
				36EC7F381D2BA41900934B08 /* AlipaySDK.framework in Frameworks */,
			);
			runOnlyForDeploymentPostprocessing = 0;
		};
/* End PBXFrameworksBuildPhase section */

/* Begin PBXGroup section */
		364BC4CB1B5502C700EAFCCE = {
			isa = PBXGroup;
			children = (
				36EC7ED11D2BA41900934B08 /* BCPaySDK */,
				364BC4D51B5502C700EAFCCE /* Products */,
			);
			sourceTree = "<group>";
		};
		364BC4D51B5502C700EAFCCE /* Products */ = {
			isa = PBXGroup;
			children = (
				364BC4D41B5502C700EAFCCE /* libBeeCloud.a */,
			);
			name = Products;
			sourceTree = "<group>";
		};
		36EC7ED11D2BA41900934B08 /* BCPaySDK */ = {
			isa = PBXGroup;
			children = (
				36EC7ED21D2BA41900934B08 /* APICloud */,
				36EC7EDA1D2BA41900934B08 /* Classes */,
				36EC7EE51D2BA41900934B08 /* External */,
				36EC7F061D2BA41900934B08 /* Info.plist */,
				36EC7F071D2BA41900934B08 /* Internal */,
				36EC7F271D2BA41900934B08 /* Public */,
			);
			path = BCPaySDK;
			sourceTree = "<group>";
		};
		36EC7ED21D2BA41900934B08 /* APICloud */ = {
			isa = PBXGroup;
			children = (
				36EC7ED31D2BA41900934B08 /* BeeCloud.h */,
				36EC7ED41D2BA41900934B08 /* BeeCloud.m */,
				36EC7ED51D2BA41900934B08 /* UZEngine */,
			);
			path = APICloud;
			sourceTree = "<group>";
		};
		36EC7ED51D2BA41900934B08 /* UZEngine */ = {
			isa = PBXGroup;
			children = (
				36EC7ED61D2BA41900934B08 /* NSDictionaryUtils.h */,
				36EC7ED71D2BA41900934B08 /* UZAppDelegate.h */,
				36EC7ED81D2BA41900934B08 /* UZAppUtils.h */,
				36EC7ED91D2BA41900934B08 /* UZModule.h */,
			);
			path = UZEngine;
			sourceTree = "<group>";
		};
		36EC7EDA1D2BA41900934B08 /* Classes */ = {
			isa = PBXGroup;
			children = (
				36EC7EDB1D2BA41900934B08 /* BCBase */,
				36EC7EE01D2BA41900934B08 /* BCPay */,
			);
			path = Classes;
			sourceTree = "<group>";
		};
		36EC7EDB1D2BA41900934B08 /* BCBase */ = {
			isa = PBXGroup;
			children = (
				36EC7EDC1D2BA41900934B08 /* BCBaseReq.h */,
				36EC7EDD1D2BA41900934B08 /* BCBaseReq.m */,
				36EC7EDE1D2BA41900934B08 /* BCBaseResp.h */,
				36EC7EDF1D2BA41900934B08 /* BCBaseResp.m */,
			);
			path = BCBase;
			sourceTree = "<group>";
		};
		36EC7EE01D2BA41900934B08 /* BCPay */ = {
			isa = PBXGroup;
			children = (
				36EC7EE11D2BA41900934B08 /* BCPayReq.h */,
				36EC7EE21D2BA41900934B08 /* BCPayReq.m */,
				36EC7EE31D2BA41900934B08 /* BCPayResp.h */,
				36EC7EE41D2BA41900934B08 /* BCPayResp.m */,
			);
			path = BCPay;
			sourceTree = "<group>";
		};
		36EC7EE51D2BA41900934B08 /* External */ = {
			isa = PBXGroup;
			children = (
				36EC7EE61D2BA41900934B08 /* AliPay */,
				36EC7EF11D2BA41900934B08 /* JSON */,
				36EC7EFA1D2BA41900934B08 /* UnionPay */,
				36EC7F001D2BA41900934B08 /* WXPay */,
			);
			path = External;
			sourceTree = "<group>";
		};
		36EC7EE61D2BA41900934B08 /* AliPay */ = {
			isa = PBXGroup;
			children = (
				36EC7EE71D2BA41900934B08 /* AlipaySDK.framework */,
				36EC7EE81D2BA41900934B08 /* BCAliPayAdapter */,
			);
			path = AliPay;
			sourceTree = "<group>";
		};
		36EC7EE81D2BA41900934B08 /* BCAliPayAdapter */ = {
			isa = PBXGroup;
			children = (
				36EC7EE91D2BA41900934B08 /* BCAliPayAdapter.h */,
				36EC7EEA1D2BA41900934B08 /* BCAliPayAdapter.m */,
			);
			path = BCAliPayAdapter;
			sourceTree = "<group>";
		};
		36EC7EF11D2BA41900934B08 /* JSON */ = {
			isa = PBXGroup;
			children = (
				36EC7EF21D2BA41900934B08 /* JSON.h */,
				36EC7EF31D2BA41900934B08 /* JSONParser.h */,
				36EC7EF41D2BA41900934B08 /* NSObject+SBJSON.h */,
				36EC7EF51D2BA41900934B08 /* NSString+SBJSON.h */,
				36EC7EF61D2BA41900934B08 /* SBJSON.h */,
				36EC7EF71D2BA41900934B08 /* SBJsonBase.h */,
				36EC7EF81D2BA41900934B08 /* SBJsonParser.h */,
				36EC7EF91D2BA41900934B08 /* SBJsonWriter.h */,
			);
			path = JSON;
			sourceTree = "<group>";
		};
		36EC7EFA1D2BA41900934B08 /* UnionPay */ = {
			isa = PBXGroup;
			children = (
				36E128A61E03C27A0082573A /* UPPaymentControl.h */,
				36EC7EFB1D2BA41900934B08 /* BCUnionPayAdapter */,
			);
			path = UnionPay;
			sourceTree = "<group>";
		};
		36EC7EFB1D2BA41900934B08 /* BCUnionPayAdapter */ = {
			isa = PBXGroup;
			children = (
				36EC7EFC1D2BA41900934B08 /* BCUnionPayAdapter.h */,
				36EC7EFD1D2BA41900934B08 /* BCUnionPayAdapter.m */,
			);
			path = BCUnionPayAdapter;
			sourceTree = "<group>";
		};
		36EC7F001D2BA41900934B08 /* WXPay */ = {
			isa = PBXGroup;
			children = (
				36EC7F011D2BA41900934B08 /* BCWXPayAdapter */,
				36EC7F041D2BA41900934B08 /* WXApi.h */,
				36EC7F051D2BA41900934B08 /* WXApiObject.h */,
			);
			path = WXPay;
			sourceTree = "<group>";
		};
		36EC7F011D2BA41900934B08 /* BCWXPayAdapter */ = {
			isa = PBXGroup;
			children = (
				36EC7F021D2BA41900934B08 /* BCWXPayAdapter.h */,
				36EC7F031D2BA41900934B08 /* BCWXPayAdapter.m */,
			);
			path = BCWXPayAdapter;
			sourceTree = "<group>";
		};
		36EC7F071D2BA41900934B08 /* Internal */ = {
			isa = PBXGroup;
			children = (
				36EC7F081D2BA41900934B08 /* BCNetworking */,
				36EC7F161D2BA41900934B08 /* BCPayCache.h */,
				36EC7F171D2BA41900934B08 /* BCPayCache.m */,
				36EC7F181D2BA41900934B08 /* BCPayConstant.h */,
				36EC7F191D2BA41900934B08 /* BCPayObjects.h */,
				36EC7F1A1D2BA41900934B08 /* BCPayUtil.h */,
				36EC7F1B1D2BA41900934B08 /* BCPayUtil.m */,
				36EC7F1C1D2BA41900934B08 /* NSString+IsValid.h */,
				36EC7F1D1D2BA41900934B08 /* NSString+IsValid.m */,
				36EC7F1E1D2BA41900934B08 /* Protocol */,
				36EC7F221D2BA41900934B08 /* ViewController */,
			);
			path = Internal;
			sourceTree = "<group>";
		};
		36EC7F081D2BA41900934B08 /* BCNetworking */ = {
			isa = PBXGroup;
			children = (
				36EC7F091D2BA41900934B08 /* BCHTTPSessionManager.h */,
				36EC7F0A1D2BA41900934B08 /* BCHTTPSessionManager.m */,
				36EC7F0B1D2BA41900934B08 /* BCNetworking.h */,
				36EC7F0C1D2BA41900934B08 /* BCNetworkReachabilityManager.h */,
				36EC7F0D1D2BA41900934B08 /* BCNetworkReachabilityManager.m */,
				36EC7F0E1D2BA41900934B08 /* BCSecurityPolicy.h */,
				36EC7F0F1D2BA41900934B08 /* BCSecurityPolicy.m */,
				36EC7F101D2BA41900934B08 /* BCURLRequestSerialization.h */,
				36EC7F111D2BA41900934B08 /* BCURLRequestSerialization.m */,
				36EC7F121D2BA41900934B08 /* BCURLResponseSerialization.h */,
				36EC7F131D2BA41900934B08 /* BCURLResponseSerialization.m */,
				36EC7F141D2BA41900934B08 /* BCURLSessionManager.h */,
				36EC7F151D2BA41900934B08 /* BCURLSessionManager.m */,
			);
			path = BCNetworking;
			sourceTree = "<group>";
		};
		36EC7F1E1D2BA41900934B08 /* Protocol */ = {
			isa = PBXGroup;
			children = (
				36EC7F1F1D2BA41900934B08 /* BeeCloudAdapter.h */,
				36EC7F201D2BA41900934B08 /* BeeCloudAdapter.m */,
				36EC7F211D2BA41900934B08 /* BeeCloudAdapterProtocol.h */,
			);
			path = Protocol;
			sourceTree = "<group>";
		};
		36EC7F221D2BA41900934B08 /* ViewController */ = {
			isa = PBXGroup;
			children = (
				36EC7F231D2BA41900934B08 /* BaiduViewController.h */,
				36EC7F241D2BA41900934B08 /* BaiduViewController.m */,
				36EC7F251D2BA41900934B08 /* PaySandBoxViewController.h */,
				36EC7F261D2BA41900934B08 /* PaySandBoxViewController.m */,
			);
			path = ViewController;
			sourceTree = "<group>";
		};
		36EC7F271D2BA41900934B08 /* Public */ = {
			isa = PBXGroup;
			children = (
				36EC7F281D2BA41900934B08 /* BCPay.h */,
				36EC7F291D2BA41900934B08 /* BCPay.m */,
			);
			path = Public;
			sourceTree = "<group>";
		};
/* End PBXGroup section */

/* Begin PBXHeadersBuildPhase section */
		364BC54C1B55098200EAFCCE /* Headers */ = {
			isa = PBXHeadersBuildPhase;
			buildActionMask = 2147483647;
			files = (
				36EC7F471D2BA41900934B08 /* BCUnionPayAdapter.h in Headers */,
				36EC7F2A1D2BA41900934B08 /* BeeCloud.h in Headers */,
				36EC7F301D2BA41900934B08 /* BCBaseReq.h in Headers */,
				36EC7F461D2BA41900934B08 /* SBJsonWriter.h in Headers */,
				36E128A71E03C27A0082573A /* UPPaymentControl.h in Headers */,
				36EC7F361D2BA41900934B08 /* BCPayResp.h in Headers */,
				36EC7F581D2BA41900934B08 /* BCURLResponseSerialization.h in Headers */,
				36EC7F441D2BA41900934B08 /* SBJsonBase.h in Headers */,
				36EC7F5A1D2BA41900934B08 /* BCURLSessionManager.h in Headers */,
				36EC7F5C1D2BA41900934B08 /* BCPayCache.h in Headers */,
				36EC7F2D1D2BA41900934B08 /* UZAppDelegate.h in Headers */,
				36EC7F321D2BA41900934B08 /* BCBaseResp.h in Headers */,
				36EC7F451D2BA41900934B08 /* SBJsonParser.h in Headers */,
				36EC7F511D2BA41900934B08 /* BCNetworking.h in Headers */,
				36EC7F5F1D2BA41900934B08 /* BCPayObjects.h in Headers */,
				36EC7F541D2BA41900934B08 /* BCSecurityPolicy.h in Headers */,
				36EC7F641D2BA41900934B08 /* BeeCloudAdapter.h in Headers */,
				36EC7F6B1D2BA41900934B08 /* BCPay.h in Headers */,
				36EC7F5E1D2BA41900934B08 /* BCPayConstant.h in Headers */,
				36EC7F561D2BA41900934B08 /* BCURLRequestSerialization.h in Headers */,
				36EC7F3F1D2BA41900934B08 /* JSON.h in Headers */,
				36EC7F411D2BA41900934B08 /* NSObject+SBJSON.h in Headers */,
				36EC7F4F1D2BA41900934B08 /* BCHTTPSessionManager.h in Headers */,
				36EC7F4E1D2BA41900934B08 /* WXApiObject.h in Headers */,
				36EC7F671D2BA41900934B08 /* BaiduViewController.h in Headers */,
				36EC7F2C1D2BA41900934B08 /* NSDictionaryUtils.h in Headers */,
				36EC7F431D2BA41900934B08 /* SBJSON.h in Headers */,
				36EC7F521D2BA41900934B08 /* BCNetworkReachabilityManager.h in Headers */,
				36EC7F2E1D2BA41900934B08 /* UZAppUtils.h in Headers */,
				36EC7F391D2BA41900934B08 /* BCAliPayAdapter.h in Headers */,
				36EC7F4D1D2BA41900934B08 /* WXApi.h in Headers */,
				36EC7F621D2BA41900934B08 /* NSString+IsValid.h in Headers */,
				36EC7F2F1D2BA41900934B08 /* UZModule.h in Headers */,
				36EC7F4B1D2BA41900934B08 /* BCWXPayAdapter.h in Headers */,
				36EC7F601D2BA41900934B08 /* BCPayUtil.h in Headers */,
				36EC7F691D2BA41900934B08 /* PaySandBoxViewController.h in Headers */,
				36EC7F401D2BA41900934B08 /* JSONParser.h in Headers */,
				36EC7F421D2BA41900934B08 /* NSString+SBJSON.h in Headers */,
				36EC7F661D2BA41900934B08 /* BeeCloudAdapterProtocol.h in Headers */,
				36EC7F341D2BA41900934B08 /* BCPayReq.h in Headers */,
			);
			runOnlyForDeploymentPostprocessing = 0;
		};
/* End PBXHeadersBuildPhase section */

/* Begin PBXNativeTarget section */
		364BC4D31B5502C700EAFCCE /* BCPaySDK */ = {
			isa = PBXNativeTarget;
			buildConfigurationList = 364BC4E81B5502C700EAFCCE /* Build configuration list for PBXNativeTarget "BCPaySDK" */;
			buildPhases = (
				364BC4D01B5502C700EAFCCE /* Sources */,
				364BC4D11B5502C700EAFCCE /* Frameworks */,
				364BC4D21B5502C700EAFCCE /* CopyFiles */,
				364BC54C1B55098200EAFCCE /* Headers */,
			);
			buildRules = (
			);
			dependencies = (
			);
			name = BCPaySDK;
			productName = BCPaySDK;
			productReference = 364BC4D41B5502C700EAFCCE /* libBeeCloud.a */;
			productType = "com.apple.product-type.library.static";
		};
/* End PBXNativeTarget section */

/* Begin PBXProject section */
		364BC4CC1B5502C700EAFCCE /* Project object */ = {
			isa = PBXProject;
			attributes = {
				LastUpgradeCheck = 0640;
				ORGANIZATIONNAME = BeeCloud;
				TargetAttributes = {
					364A5BF51B799D6E00C1CAE8 = {
						CreatedOnToolsVersion = 6.4;
					};
					364BC4D31B5502C700EAFCCE = {
						CreatedOnToolsVersion = 6.4;
					};
				};
			};
			buildConfigurationList = 364BC4CF1B5502C700EAFCCE /* Build configuration list for PBXProject "BCPaySDK" */;
			compatibilityVersion = "Xcode 3.2";
			developmentRegion = English;
			hasScannedForEncodings = 0;
			knownRegions = (
				en,
			);
			mainGroup = 364BC4CB1B5502C700EAFCCE;
			productRefGroup = 364BC4D51B5502C700EAFCCE /* Products */;
			projectDirPath = "";
			projectRoot = "";
			targets = (
				364BC4D31B5502C700EAFCCE /* BCPaySDK */,
				364A5BF51B799D6E00C1CAE8 /* libBCPaySDK */,
			);
		};
/* End PBXProject section */

/* Begin PBXShellScriptBuildPhase section */
		364A5BF91B799D7200C1CAE8 /* ShellScript */ = {
			isa = PBXShellScriptBuildPhase;
			buildActionMask = 2147483647;
			files = (
			);
			inputPaths = (
			);
			outputPaths = (
			);
			runOnlyForDeploymentPostprocessing = 0;
			shellPath = /bin/sh;
			shellScript = "\nLIB_NAME=\"libBeeCloud.a\"\n# Install dir will be the final output to the framework.\n# The following line create it in the root folder of the current project.\nINSTALL_DIR=${SRCROOT}/Products/${PROJECT_NAME}\n# Working dir will be deleted after the framework creation.\nWRK_DIR=${SRCROOT}/build\nDEVICE_DIR=${WRK_DIR}/Release-iphoneos\nSIMULATOR_DIR=${WRK_DIR}/Release-iphonesimulator\n# -configuration ${CONFIGURATION}\n# Clean and Building both architectures.\nxcodebuild -configuration \"Release\" -target \"${PROJECT_NAME}\" -sdk iphoneos clean build\nxcodebuild -configuration \"Release\" -target \"${PROJECT_NAME}\" -sdk iphonesimulator clean build\n\n# Cleaning the oldest.\nif [ -d \"${INSTALL_DIR}\" ]\nthen\nrm -rf \"${INSTALL_DIR}\"\nfi\nmkdir -p \"${INSTALL_DIR}\"\n\n# Uses the Lipo Tool to merge both binary files (i386 + armv6/armv7) into one Universal final product.\nlipo -create \"${DEVICE_DIR}/${LIB_NAME}\" \"${SIMULATOR_DIR}/${LIB_NAME}\" -output \"${INSTALL_DIR}/${LIB_NAME}\"\n\nrm -r \"${WRK_DIR}\"\n\nopen \"${INSTALL_DIR}\"";
		};
/* End PBXShellScriptBuildPhase section */

/* Begin PBXSourcesBuildPhase section */
		364BC4D01B5502C700EAFCCE /* Sources */ = {
			isa = PBXSourcesBuildPhase;
			buildActionMask = 2147483647;
			files = (
				36EC7F591D2BA41900934B08 /* BCURLResponseSerialization.m in Sources */,
				36EC7F351D2BA41900934B08 /* BCPayReq.m in Sources */,
				36EC7F311D2BA41900934B08 /* BCBaseReq.m in Sources */,
				36EC7F5B1D2BA41900934B08 /* BCURLSessionManager.m in Sources */,
				36EC7F6A1D2BA41900934B08 /* PaySandBoxViewController.m in Sources */,
				36EC7F6C1D2BA41900934B08 /* BCPay.m in Sources */,
				36EC7F3A1D2BA41900934B08 /* BCAliPayAdapter.m in Sources */,
				36EC7F2B1D2BA41900934B08 /* BeeCloud.m in Sources */,
				36EC7F4C1D2BA41900934B08 /* BCWXPayAdapter.m in Sources */,
				36EC7F611D2BA41900934B08 /* BCPayUtil.m in Sources */,
				36EC7F571D2BA41900934B08 /* BCURLRequestSerialization.m in Sources */,
				36EC7F551D2BA41900934B08 /* BCSecurityPolicy.m in Sources */,
				36EC7F5D1D2BA41900934B08 /* BCPayCache.m in Sources */,
				36EC7F681D2BA41900934B08 /* BaiduViewController.m in Sources */,
				36EC7F631D2BA41900934B08 /* NSString+IsValid.m in Sources */,
				36EC7F531D2BA41900934B08 /* BCNetworkReachabilityManager.m in Sources */,
				36EC7F371D2BA41900934B08 /* BCPayResp.m in Sources */,
				36EC7F331D2BA41900934B08 /* BCBaseResp.m in Sources */,
				36EC7F481D2BA41900934B08 /* BCUnionPayAdapter.m in Sources */,
				36EC7F501D2BA41900934B08 /* BCHTTPSessionManager.m in Sources */,
				36EC7F651D2BA41900934B08 /* BeeCloudAdapter.m in Sources */,
			);
			runOnlyForDeploymentPostprocessing = 0;
		};
/* End PBXSourcesBuildPhase section */

/* Begin PBXTargetDependency section */
		364A5BFB1B79BB1300C1CAE8 /* PBXTargetDependency */ = {
			isa = PBXTargetDependency;
			target = 364BC4D31B5502C700EAFCCE /* BCPaySDK */;
			targetProxy = 364A5BFA1B79BB1300C1CAE8 /* PBXContainerItemProxy */;
		};
/* End PBXTargetDependency section */

/* Begin XCBuildConfiguration section */
		364A5BF71B799D6E00C1CAE8 /* Debug */ = {
			isa = XCBuildConfiguration;
			buildSettings = {
				PRODUCT_NAME = libBeeCloud;
			};
			name = Debug;
		};
		364A5BF81B799D6E00C1CAE8 /* Release */ = {
			isa = XCBuildConfiguration;
			buildSettings = {
				PRODUCT_NAME = libBeeCloud;
			};
			name = Release;
		};
		364BC4E61B5502C700EAFCCE /* Debug */ = {
			isa = XCBuildConfiguration;
			buildSettings = {
				ALWAYS_SEARCH_USER_PATHS = NO;
				CLANG_CXX_LANGUAGE_STANDARD = "gnu++0x";
				CLANG_CXX_LIBRARY = "libc++";
				CLANG_ENABLE_MODULES = YES;
				CLANG_ENABLE_OBJC_ARC = YES;
				CLANG_WARN_BOOL_CONVERSION = YES;
				CLANG_WARN_CONSTANT_CONVERSION = YES;
				CLANG_WARN_DIRECT_OBJC_ISA_USAGE = YES_ERROR;
				CLANG_WARN_EMPTY_BODY = YES;
				CLANG_WARN_ENUM_CONVERSION = YES;
				CLANG_WARN_INT_CONVERSION = YES;
				CLANG_WARN_OBJC_ROOT_CLASS = YES_ERROR;
				CLANG_WARN_UNREACHABLE_CODE = YES;
				CLANG_WARN__DUPLICATE_METHOD_MATCH = YES;
				COPY_PHASE_STRIP = NO;
				DEBUG_INFORMATION_FORMAT = "dwarf-with-dsym";
				ENABLE_STRICT_OBJC_MSGSEND = YES;
				GCC_C_LANGUAGE_STANDARD = gnu99;
				GCC_DYNAMIC_NO_PIC = NO;
				GCC_NO_COMMON_BLOCKS = YES;
				GCC_OPTIMIZATION_LEVEL = 0;
				GCC_PREPROCESSOR_DEFINITIONS = (
					"DEBUG=1",
					"$(inherited)",
				);
				GCC_SYMBOLS_PRIVATE_EXTERN = NO;
				GCC_WARN_64_TO_32_BIT_CONVERSION = YES;
				GCC_WARN_ABOUT_RETURN_TYPE = YES_ERROR;
				GCC_WARN_UNDECLARED_SELECTOR = YES;
				GCC_WARN_UNINITIALIZED_AUTOS = YES_AGGRESSIVE;
				GCC_WARN_UNUSED_FUNCTION = YES;
				GCC_WARN_UNUSED_VARIABLE = YES;
				IPHONEOS_DEPLOYMENT_TARGET = 7.0;
				MTL_ENABLE_DEBUG_INFO = YES;
				ONLY_ACTIVE_ARCH = YES;
				SDKROOT = iphoneos;
			};
			name = Debug;
		};
		364BC4E71B5502C700EAFCCE /* Release */ = {
			isa = XCBuildConfiguration;
			buildSettings = {
				ALWAYS_SEARCH_USER_PATHS = NO;
				CLANG_CXX_LANGUAGE_STANDARD = "gnu++0x";
				CLANG_CXX_LIBRARY = "libc++";
				CLANG_ENABLE_MODULES = YES;
				CLANG_ENABLE_OBJC_ARC = YES;
				CLANG_WARN_BOOL_CONVERSION = YES;
				CLANG_WARN_CONSTANT_CONVERSION = YES;
				CLANG_WARN_DIRECT_OBJC_ISA_USAGE = YES_ERROR;
				CLANG_WARN_EMPTY_BODY = YES;
				CLANG_WARN_ENUM_CONVERSION = YES;
				CLANG_WARN_INT_CONVERSION = YES;
				CLANG_WARN_OBJC_ROOT_CLASS = YES_ERROR;
				CLANG_WARN_UNREACHABLE_CODE = YES;
				CLANG_WARN__DUPLICATE_METHOD_MATCH = YES;
				COPY_PHASE_STRIP = NO;
				DEBUG_INFORMATION_FORMAT = "dwarf-with-dsym";
				ENABLE_NS_ASSERTIONS = NO;
				ENABLE_STRICT_OBJC_MSGSEND = YES;
				GCC_C_LANGUAGE_STANDARD = gnu99;
				GCC_NO_COMMON_BLOCKS = YES;
				GCC_WARN_64_TO_32_BIT_CONVERSION = YES;
				GCC_WARN_ABOUT_RETURN_TYPE = YES_ERROR;
				GCC_WARN_UNDECLARED_SELECTOR = YES;
				GCC_WARN_UNINITIALIZED_AUTOS = YES_AGGRESSIVE;
				GCC_WARN_UNUSED_FUNCTION = YES;
				GCC_WARN_UNUSED_VARIABLE = YES;
				IPHONEOS_DEPLOYMENT_TARGET = 7.0;
				MTL_ENABLE_DEBUG_INFO = NO;
				SDKROOT = iphoneos;
				VALIDATE_PRODUCT = YES;
			};
			name = Release;
		};
		364BC4E91B5502C700EAFCCE /* Debug */ = {
			isa = XCBuildConfiguration;
			buildSettings = {
				FRAMEWORK_SEARCH_PATHS = (
					"$(inherited)",
					"$(PROJECT_DIR)/External/BeeCloudSDK",
					"$(PROJECT_DIR)/BCPaySDK/External/AliPay",
				);
				GCC_PRECOMPILE_PREFIX_HEADER = YES;
				GCC_PREFIX_HEADER = "";
				LIBRARY_SEARCH_PATHS = (
					"$(inherited)",
					"$(PROJECT_DIR)/External/UnionPaySDK",
					"$(PROJECT_DIR)/External/WeChatSDK",
				);
				OTHER_LDFLAGS = "-ObjC";
				PRODUCT_NAME = BeeCloud;
				SKIP_INSTALL = YES;
			};
			name = Debug;
		};
		364BC4EA1B5502C700EAFCCE /* Release */ = {
			isa = XCBuildConfiguration;
			buildSettings = {
				FRAMEWORK_SEARCH_PATHS = (
					"$(inherited)",
					"$(PROJECT_DIR)/External/BeeCloudSDK",
					"$(PROJECT_DIR)/BCPaySDK/External/AliPay",
				);
				GCC_PRECOMPILE_PREFIX_HEADER = YES;
				GCC_PREFIX_HEADER = "";
				LIBRARY_SEARCH_PATHS = (
					"$(inherited)",
					"$(PROJECT_DIR)/External/UnionPaySDK",
					"$(PROJECT_DIR)/External/WeChatSDK",
				);
				OTHER_LDFLAGS = "-ObjC";
				PRODUCT_NAME = BeeCloud;
				SKIP_INSTALL = YES;
			};
			name = Release;
		};
/* End XCBuildConfiguration section */

/* Begin XCConfigurationList section */
		364A5BF61B799D6E00C1CAE8 /* Build configuration list for PBXAggregateTarget "libBCPaySDK" */ = {
			isa = XCConfigurationList;
			buildConfigurations = (
				364A5BF71B799D6E00C1CAE8 /* Debug */,
				364A5BF81B799D6E00C1CAE8 /* Release */,
			);
			defaultConfigurationIsVisible = 0;
			defaultConfigurationName = Release;
		};
		364BC4CF1B5502C700EAFCCE /* Build configuration list for PBXProject "BCPaySDK" */ = {
			isa = XCConfigurationList;
			buildConfigurations = (
				364BC4E61B5502C700EAFCCE /* Debug */,
				364BC4E71B5502C700EAFCCE /* Release */,
			);
			defaultConfigurationIsVisible = 0;
			defaultConfigurationName = Release;
		};
		364BC4E81B5502C700EAFCCE /* Build configuration list for PBXNativeTarget "BCPaySDK" */ = {
			isa = XCConfigurationList;
			buildConfigurations = (
				364BC4E91B5502C700EAFCCE /* Debug */,
				364BC4EA1B5502C700EAFCCE /* Release */,
			);
			defaultConfigurationIsVisible = 0;
			defaultConfigurationName = Release;
		};
/* End XCConfigurationList section */
	};
	rootObject = 364BC4CC1B5502C700EAFCCE /* Project object */;
}
